
Microsoft Visual Studio Solution File, Format Version 12.00
# Visual Studio Version 17
VisualStudioVersion = 17.3.32811.315
MinimumVisualStudioVersion = 10.0.40219.1
Project("{2150E333-8FDC-42A3-9474-1A3956D46DE8}") = "src", "src", "{F42E7985-F25B-4734-9CFE-30CC428E326F}"
EndProject
Project("{2150E333-8FDC-42A3-9474-1A3956D46DE8}") = "corePackages", "corePackages", "{ABE30CAA-6989-4F7A-8479-75E4B35F0685}"
EndProject
Project("{9A19103F-16F7-4668-BE54-9A1E7A4F7556}") = "Core.Application", "src\corePackages\Core.Application\Core.Application.csproj", "{C2530F64-8766-4257-B9C7-C1DC4CE0C05B}"
EndProject
Project("{9A19103F-16F7-4668-BE54-9A1E7A4F7556}") = "Core.CrossCuttingConcerns", "src\corePackages\Core.CrossCuttingConcers\Core.CrossCuttingConcerns.csproj", "{74902B46-FB58-4E86-AE3E-1D05441E4114}"
EndProject
Project("{9A19103F-16F7-4668-BE54-9A1E7A4F7556}") = "Core.ElasticSearch", "src\corePackages\Core.ElasticSearch\Core.ElasticSearch.csproj", "{05BB7B54-C851-4D2F-A87B-3FD1EFCDA96D}"
EndProject
Project("{9A19103F-16F7-4668-BE54-9A1E7A4F7556}") = "Core.Mailing", "src\corePackages\Core.Mailing\Core.Mailing.csproj", "{09ADFB1B-7589-4BC5-96BA-0C15DA38B9C3}"
EndProject
Project("{9A19103F-16F7-4668-BE54-9A1E7A4F7556}") = "Core.Persistence", "src\corePackages\Core.Persistence\Core.Persistence.csproj", "{64F5BB19-BE0E-4D9C-815E-D4C218F90ED1}"
EndProject
Project("{9A19103F-16F7-4668-BE54-9A1E7A4F7556}") = "Core.Security", "src\corePackages\Core.Security\Core.Security.csproj", "{19979C8E-FC23-4033-B0B7-8F37D5D5A631}"
EndProject
Project("{2150E333-8FDC-42A3-9474-1A3956D46DE8}") = "Kodlama.io.Devs", "Kodlama.io.Devs", "{EA5985B4-09A8-44D9-BA61-DC4750E8ADD0}"
EndProject
Project("{9A19103F-16F7-4668-BE54-9A1E7A4F7556}") = "Application", "src\Kodlama.io.Devs\Application\Application.csproj", "{9C9CDDF2-C486-4764-B4A5-E678E9219062}"
EndProject
Project("{9A19103F-16F7-4668-BE54-9A1E7A4F7556}") = "Domain", "src\Kodlama.io.Devs\Domain\Domain.csproj", "{0127856A-EB8F-45E5-A068-CBC09BB2E66E}"
EndProject
Project("{9A19103F-16F7-4668-BE54-9A1E7A4F7556}") = "Infrastucture", "src\Kodlama.io.Devs\Infrastucture\Infrastucture.csproj", "{46AE92BF-56C1-4A98-8813-5B370BE00464}"
EndProject
Project("{9A19103F-16F7-4668-BE54-9A1E7A4F7556}") = "Persistence", "src\Kodlama.io.Devs\Persistence\Persistence.csproj", "{36B3B7B6-6933-48C4-96C8-E6064B8664CB}"
EndProject
Project("{FAE04EC0-301F-11D3-BF4B-00C04F79EFBC}") = "WebAPI", "WebAPI\WebAPI.csproj", "{E8FFD073-2B82-4E60-B755-B5D57C64A6CD}"
EndProject
Global
	GlobalSection(SolutionConfigurationPlatforms) = preSolution
		Debug|Any CPU = Debug|Any CPU
		Release|Any CPU = Release|Any CPU
	EndGlobalSection
	GlobalSection(ProjectConfigurationPlatforms) = postSolution
		{C2530F64-8766-4257-B9C7-C1DC4CE0C05B}.Debug|Any CPU.ActiveCfg = Debug|Any CPU
		{C2530F64-8766-4257-B9C7-C1DC4CE0C05B}.Debug|Any CPU.Build.0 = Debug|Any CPU
		{C2530F64-8766-4257-B9C7-C1DC4CE0C05B}.Release|Any CPU.ActiveCfg = Release|Any CPU
		{C2530F64-8766-4257-B9C7-C1DC4CE0C05B}.Release|Any CPU.Build.0 = Release|Any CPU
		{74902B46-FB58-4E86-AE3E-1D05441E4114}.Debug|Any CPU.ActiveCfg = Debug|Any CPU
		{74902B46-FB58-4E86-AE3E-1D05441E4114}.Debug|Any CPU.Build.0 = Debug|Any CPU
		{74902B46-FB58-4E86-AE3E-1D05441E4114}.Release|Any CPU.ActiveCfg = Release|Any CPU
		{74902B46-FB58-4E86-AE3E-1D05441E4114}.Release|Any CPU.Build.0 = Release|Any CPU
		{05BB7B54-C851-4D2F-A87B-3FD1EFCDA96D}.Debug|Any CPU.ActiveCfg = Debug|Any CPU
		{05BB7B54-C851-4D2F-A87B-3FD1EFCDA96D}.Debug|Any CPU.Build.0 = Debug|Any CPU
		{05BB7B54-C851-4D2F-A87B-3FD1EFCDA96D}.Release|Any CPU.ActiveCfg = Release|Any CPU
		{05BB7B54-C851-4D2F-A87B-3FD1EFCDA96D}.Release|Any CPU.Build.0 = Release|Any CPU
		{09ADFB1B-7589-4BC5-96BA-0C15DA38B9C3}.Debug|Any CPU.ActiveCfg = Debug|Any CPU
		{09ADFB1B-7589-4BC5-96BA-0C15DA38B9C3}.Debug|Any CPU.Build.0 = Debug|Any CPU
		{09ADFB1B-7589-4BC5-96BA-0C15DA38B9C3}.Release|Any CPU.ActiveCfg = Release|Any CPU
		{09ADFB1B-7589-4BC5-96BA-0C15DA38B9C3}.Release|Any CPU.Build.0 = Release|Any CPU
		{64F5BB19-BE0E-4D9C-815E-D4C218F90ED1}.Debug|Any CPU.ActiveCfg = Debug|Any CPU
		{64F5BB19-BE0E-4D9C-815E-D4C218F90ED1}.Debug|Any CPU.Build.0 = Debug|Any CPU
		{64F5BB19-BE0E-4D9C-815E-D4C218F90ED1}.Release|Any CPU.ActiveCfg = Release|Any CPU
		{64F5BB19-BE0E-4D9C-815E-D4C218F90ED1}.Release|Any CPU.Build.0 = Release|Any CPU
		{19979C8E-FC23-4033-B0B7-8F37D5D5A631}.Debug|Any CPU.ActiveCfg = Debug|Any CPU
		{19979C8E-FC23-4033-B0B7-8F37D5D5A631}.Debug|Any CPU.Build.0 = Debug|Any CPU
		{19979C8E-FC23-4033-B0B7-8F37D5D5A631}.Release|Any CPU.ActiveCfg = Release|Any CPU
		{19979C8E-FC23-4033-B0B7-8F37D5D5A631}.Release|Any CPU.Build.0 = Release|Any CPU
		{9C9CDDF2-C486-4764-B4A5-E678E9219062}.Debug|Any CPU.ActiveCfg = Debug|Any CPU
		{9C9CDDF2-C486-4764-B4A5-E678E9219062}.Debug|Any CPU.Build.0 = Debug|Any CPU
		{9C9CDDF2-C486-4764-B4A5-E678E9219062}.Release|Any CPU.ActiveCfg = Release|Any CPU
		{9C9CDDF2-C486-4764-B4A5-E678E9219062}.Release|Any CPU.Build.0 = Release|Any CPU
		{0127856A-EB8F-45E5-A068-CBC09BB2E66E}.Debug|Any CPU.ActiveCfg = Debug|Any CPU
		{0127856A-EB8F-45E5-A068-CBC09BB2E66E}.Debug|Any CPU.Build.0 = Debug|Any CPU
		{0127856A-EB8F-45E5-A068-CBC09BB2E66E}.Release|Any CPU.ActiveCfg = Release|Any CPU
		{0127856A-EB8F-45E5-A068-CBC09BB2E66E}.Release|Any CPU.Build.0 = Release|Any CPU
		{46AE92BF-56C1-4A98-8813-5B370BE00464}.Debug|Any CPU.ActiveCfg = Debug|Any CPU
		{46AE92BF-56C1-4A98-8813-5B370BE00464}.Debug|Any CPU.Build.0 = Debug|Any CPU
		{46AE92BF-56C1-4A98-8813-5B370BE00464}.Release|Any CPU.ActiveCfg = Release|Any CPU
		{46AE92BF-56C1-4A98-8813-5B370BE00464}.Release|Any CPU.Build.0 = Release|Any CPU
		{36B3B7B6-6933-48C4-96C8-E6064B8664CB}.Debug|Any CPU.ActiveCfg = Debug|Any CPU
		{36B3B7B6-6933-48C4-96C8-E6064B8664CB}.Debug|Any CPU.Build.0 = Debug|Any CPU
		{36B3B7B6-6933-48C4-96C8-E6064B8664CB}.Release|Any CPU.ActiveCfg = Release|Any CPU
		{36B3B7B6-6933-48C4-96C8-E6064B8664CB}.Release|Any CPU.Build.0 = Release|Any CPU
		{E8FFD073-2B82-4E60-B755-B5D57C64A6CD}.Debug|Any CPU.ActiveCfg = Debug|Any CPU
		{E8FFD073-2B82-4E60-B755-B5D57C64A6CD}.Debug|Any CPU.Build.0 = Debug|Any CPU
		{E8FFD073-2B82-4E60-B755-B5D57C64A6CD}.Release|Any CPU.ActiveCfg = Release|Any CPU
		{E8FFD073-2B82-4E60-B755-B5D57C64A6CD}.Release|Any CPU.Build.0 = Release|Any CPU
	EndGlobalSection
	GlobalSection(SolutionProperties) = preSolution
		HideSolutionNode = FALSE
	EndGlobalSection
	GlobalSection(NestedProjects) = preSolution
		{ABE30CAA-6989-4F7A-8479-75E4B35F0685} = {F42E7985-F25B-4734-9CFE-30CC428E326F}
		{C2530F64-8766-4257-B9C7-C1DC4CE0C05B} = {ABE30CAA-6989-4F7A-8479-75E4B35F0685}
		{74902B46-FB58-4E86-AE3E-1D05441E4114} = {ABE30CAA-6989-4F7A-8479-75E4B35F0685}
		{05BB7B54-C851-4D2F-A87B-3FD1EFCDA96D} = {ABE30CAA-6989-4F7A-8479-75E4B35F0685}
		{09ADFB1B-7589-4BC5-96BA-0C15DA38B9C3} = {ABE30CAA-6989-4F7A-8479-75E4B35F0685}
		{64F5BB19-BE0E-4D9C-815E-D4C218F90ED1} = {ABE30CAA-6989-4F7A-8479-75E4B35F0685}
		{19979C8E-FC23-4033-B0B7-8F37D5D5A631} = {ABE30CAA-6989-4F7A-8479-75E4B35F0685}
		{EA5985B4-09A8-44D9-BA61-DC4750E8ADD0} = {F42E7985-F25B-4734-9CFE-30CC428E326F}
		{9C9CDDF2-C486-4764-B4A5-E678E9219062} = {EA5985B4-09A8-44D9-BA61-DC4750E8ADD0}
		{0127856A-EB8F-45E5-A068-CBC09BB2E66E} = {EA5985B4-09A8-44D9-BA61-DC4750E8ADD0}
		{46AE92BF-56C1-4A98-8813-5B370BE00464} = {EA5985B4-09A8-44D9-BA61-DC4750E8ADD0}
		{36B3B7B6-6933-48C4-96C8-E6064B8664CB} = {EA5985B4-09A8-44D9-BA61-DC4750E8ADD0}
		{E8FFD073-2B82-4E60-B755-B5D57C64A6CD} = {EA5985B4-09A8-44D9-BA61-DC4750E8ADD0}
	EndGlobalSection
	GlobalSection(ExtensibilityGlobals) = postSolution
		SolutionGuid = {4EB0C8F9-0DEB-421D-A339-7B91697C0565}
	EndGlobalSection
EndGlobal
